Microsoft Visual Studio Solution File, Format Version 12.00
# Visual Studio Version 17
VisualStudioVersion = 17.12.35707.178
MinimumVisualStudioVersion = 10.0.40219.1
Project("{FAE04EC0-301F-11D3-BF4B-00C04F79EFBC}") = "TownHallClock", "TownHallClock\TownHallClock.csproj", "{574271A7-5F57-4B7E-8674-3D0F531D1DE9}"
EndProject
Project("{FAE04EC0-301F-11D3-BF4B-00C04F79EFBC}") = "TownHallClock.Shared", "TownHallClock.Shared\TownHallClock.Shared.csproj", "{A36C5190-B61D-4499-9775-8D4FD3138346}"
EndProject
Project("{FAE04EC0-301F-11D3-BF4B-00C04F79EFBC}") = "TownHallClock.Web", "TownHallClock.Web\TownHallClock.Web.csproj", "{136FA2F7-367D-4DE1-BF09-C1B571F8F955}"
EndProject
Global
	GlobalSection(SolutionConfigurationPlatforms) = preSolution
		Debug|Any CPU = Debug|Any CPU
		Release|Any CPU = Release|Any CPU
	EndGlobalSection
	GlobalSection(ProjectConfigurationPlatforms) = postSolution
		{574271A7-5F57-4B7E-8674-3D0F531D1DE9}.Debug|Any CPU.ActiveCfg = Debug|Any CPU
		{574271A7-5F57-4B7E-8674-3D0F531D1DE9}.Debug|Any CPU.Build.0 = Debug|Any CPU
		{574271A7-5F57-4B7E-8674-3D0F531D1DE9}.Release|Any CPU.ActiveCfg = Release|Any CPU
		{574271A7-5F57-4B7E-8674-3D0F531D1DE9}.Release|Any CPU.Build.0 = Release|Any CPU
		{A36C5190-B61D-4499-9775-8D4FD3138346}.Debug|Any CPU.ActiveCfg = Debug|Any CPU
		{A36C5190-B61D-4499-9775-8D4FD3138346}.Debug|Any CPU.Build.0 = Debug|Any CPU
		{A36C5190-B61D-4499-9775-8D4FD3138346}.Release|Any CPU.ActiveCfg = Release|Any CPU
		{A36C5190-B61D-4499-9775-8D4FD3138346}.Release|Any CPU.Build.0 = Release|Any CPU
		{136FA2F7-367D-4DE1-BF09-C1B571F8F955}.Debug|Any CPU.ActiveCfg = Debug|Any CPU
		{136FA2F7-367D-4DE1-BF09-C1B571F8F955}.Debug|Any CPU.Build.0 = Debug|Any CPU
		{136FA2F7-367D-4DE1-BF09-C1B571F8F955}.Release|Any CPU.ActiveCfg = Release|Any CPU
		{136FA2F7-367D-4DE1-BF09-C1B571F8F955}.Release|Any CPU.Build.0 = Release|Any CPU
	EndGlobalSection
	GlobalSection(SolutionProperties) = preSolution
		HideSolutionNode = FALSE
	EndGlobalSection
EndGlobal
